// !$*UTF8*$!
{
	archiveVersion = 1;
	classes = {
	};
	objectVersion = 46;
	objects = {

/* Begin PBXBuildFile section */
		AA12B40F14D455E60093FDB6 /* UIKit.framework in Frameworks */ = {isa = PBXBuildFile; fileRef = AA12B40E14D455E60093FDB6 /* UIKit.framework */; };
		AA12B41114D455E60093FDB6 /* Foundation.framework in Frameworks */ = {isa = PBXBuildFile; fileRef = AA12B41014D455E60093FDB6 /* Foundation.framework */; };
		AA12B41314D455E60093FDB6 /* CoreGraphics.framework in Frameworks */ = {isa = PBXBuildFile; fileRef = AA12B41214D455E60093FDB6 /* CoreGraphics.framework */; };
		AA12B41514D455E60093FDB6 /* CoreData.framework in Frameworks */ = {isa = PBXBuildFile; fileRef = AA12B41414D455E60093FDB6 /* CoreData.framework */; };
		AA12B41B14D455E60093FDB6 /* InfoPlist.strings in Resources */ = {isa = PBXBuildFile; fileRef = AA12B41914D455E60093FDB6 /* InfoPlist.strings */; };
		AA12B41D14D455E60093FDB6 /* main.m in Sources */ = {isa = PBXBuildFile; fileRef = AA12B41C14D455E60093FDB6 /* main.m */; };
		AA12B42114D455E60093FDB6 /* AppDelegate.m in Sources */ = {isa = PBXBuildFile; fileRef = AA12B42014D455E60093FDB6 /* AppDelegate.m */; };
		AA12B42414D455E60093FDB6 /* MainStoryboard.storyboard in Resources */ = {isa = PBXBuildFile; fileRef = AA12B42214D455E60093FDB6 /* MainStoryboard.storyboard */; };
		AA12B42714D455E60093FDB6 /* UIOrderedTableView.xcdatamodeld in Sources */ = {isa = PBXBuildFile; fileRef = AA12B42514D455E60093FDB6 /* UIOrderedTableView.xcdatamodeld */; };
		AA12B42A14D455E60093FDB6 /* MasterViewController.m in Sources */ = {isa = PBXBuildFile; fileRef = AA12B42914D455E60093FDB6 /* MasterViewController.m */; };
		AA12B43514D455E60093FDB6 /* SenTestingKit.framework in Frameworks */ = {isa = PBXBuildFile; fileRef = AA12B43414D455E60093FDB6 /* SenTestingKit.framework */; };
		AA12B43614D455E60093FDB6 /* UIKit.framework in Frameworks */ = {isa = PBXBuildFile; fileRef = AA12B40E14D455E60093FDB6 /* UIKit.framework */; };
		AA12B43714D455E60093FDB6 /* Foundation.framework in Frameworks */ = {isa = PBXBuildFile; fileRef = AA12B41014D455E60093FDB6 /* Foundation.framework */; };
		AA12B43814D455E60093FDB6 /* CoreData.framework in Frameworks */ = {isa = PBXBuildFile; fileRef = AA12B41414D455E60093FDB6 /* CoreData.framework */; };
		AA12B44014D455E60093FDB6 /* InfoPlist.strings in Resources */ = {isa = PBXBuildFile; fileRef = AA12B43E14D455E60093FDB6 /* InfoPlist.strings */; };
		AA12B44314D455E60093FDB6 /* UIOrderedTableViewTests.m in Sources */ = {isa = PBXBuildFile; fileRef = AA12B44214D455E60093FDB6 /* UIOrderedTableViewTests.m */; };
/* End PBXBuildFile section */

/* Begin PBXContainerItemProxy section */
		AA12B43914D455E60093FDB6 /* PBXContainerItemProxy */ = {
			isa = PBXContainerItemProxy;
			containerPortal = AA12B40114D455E50093FDB6 /* Project object */;
			proxyType = 1;
			remoteGlobalIDString = AA12B40914D455E60093FDB6;
			remoteInfo = UIOrderedTableView;
		};
/* End PBXContainerItemProxy section */

/* Begin PBXFileReference section */
		AA12B40A14D455E60093FDB6 /* UIOrderedTableView.app */ = {isa = PBXFileReference; explicitFileType = wrapper.application; includeInIndex = 0; path = UIOrderedTableView.app; sourceTree = BUILT_PRODUCTS_DIR; };
		AA12B40E14D455E60093FDB6 /* UIKit.framework */ = {isa = PBXFileReference; lastKnownFileType = wrapper.framework; name = UIKit.framework; path = System/Library/Frameworks/UIKit.framework; sourceTree = SDKROOT; };
		AA12B41014D455E60093FDB6 /* Foundation.framework */ = {isa = PBXFileReference; lastKnownFileType = wrapper.framework; name = Foundation.framework; path = System/Library/Frameworks/Foundation.framework; sourceTree = SDKROOT; };
		AA12B41214D455E60093FDB6 /* CoreGraphics.framework */ = {isa = PBXFileReference; lastKnownFileType = wrapper.framework; name = CoreGraphics.framework; path = System/Library/Frameworks/CoreGraphics.framework; sourceTree = SDKROOT; };
		AA12B41414D455E60093FDB6 /* CoreData.framework */ = {isa = PBXFileReference; lastKnownFileType = wrapper.framework; name = CoreData.framework; path = System/Library/Frameworks/CoreData.framework; sourceTree = SDKROOT; };
		AA12B41814D455E60093FDB6 /* UIOrderedTableView-Info.plist */ = {isa = PBXFileReference; lastKnownFileType = text.plist.xml; path = "UIOrderedTableView-Info.plist"; sourceTree = "<group>"; };
		AA12B41A14D455E60093FDB6 /* en */ = {isa = PBXFileReference; lastKnownFileType = text.plist.strings; name = en; path = en.lproj/InfoPlist.strings; sourceTree = "<group>"; };
		AA12B41C14D455E60093FDB6 /* main.m */ = {isa = PBXFileReference; lastKnownFileType = sourcecode.c.objc; path = main.m; sourceTree = "<group>"; };
		AA12B41E14D455E60093FDB6 /* UIOrderedTableView-Prefix.pch */ = {isa = PBXFileReference; lastKnownFileType = sourcecode.c.h; path = "UIOrderedTableView-Prefix.pch"; sourceTree = "<group>"; };
		AA12B41F14D455E60093FDB6 /* AppDelegate.h */ = {isa = PBXFileReference; lastKnownFileType = sourcecode.c.h; path = AppDelegate.h; sourceTree = "<group>"; };
		AA12B42014D455E60093FDB6 /* AppDelegate.m */ = {isa = PBXFileReference; lastKnownFileType = sourcecode.c.objc; path = AppDelegate.m; sourceTree = "<group>"; };
		AA12B42314D455E60093FDB6 /* en */ = {isa = PBXFileReference; lastKnownFileType = file.storyboard; name = en; path = en.lproj/MainStoryboard.storyboard; sourceTree = "<group>"; };
		AA12B42614D455E60093FDB6 /* UIOrderedTableView.xcdatamodel */ = {isa = PBXFileReference; lastKnownFileType = wrapper.xcdatamodel; path = UIOrderedTableView.xcdatamodel; sourceTree = "<group>"; };
		AA12B42814D455E60093FDB6 /* MasterViewController.h */ = {isa = PBXFileReference; lastKnownFileType = sourcecode.c.h; path = MasterViewController.h; sourceTree = "<group>"; };
		AA12B42914D455E60093FDB6 /* MasterViewController.m */ = {isa = PBXFileReference; lastKnownFileType = sourcecode.c.objc; path = MasterViewController.m; sourceTree = "<group>"; };
		AA12B43314D455E60093FDB6 /* UIOrderedTableViewTests.octest */ = {isa = PBXFileReference; explicitFileType = wrapper.cfbundle; includeInIndex = 0; path = UIOrderedTableViewTests.octest; sourceTree = BUILT_PRODUCTS_DIR; };
		AA12B43414D455E60093FDB6 /* SenTestingKit.framework */ = {isa = PBXFileReference; lastKnownFileType = wrapper.framework; name = SenTestingKit.framework; path = Library/Frameworks/SenTestingKit.framework; sourceTree = DEVELOPER_DIR; };
		AA12B43D14D455E60093FDB6 /* UIOrderedTableViewTests-Info.plist */ = {isa = PBXFileReference; lastKnownFileType = text.plist.xml; path = "UIOrderedTableViewTests-Info.plist"; sourceTree = "<group>"; };
		AA12B43F14D455E60093FDB6 /* en */ = {isa = PBXFileReference; lastKnownFileType = text.plist.strings; name = en; path = en.lproj/InfoPlist.strings; sourceTree = "<group>"; };
		AA12B44114D455E60093FDB6 /* UIOrderedTableViewTests.h */ = {isa = PBXFileReference; lastKnownFileType = sourcecode.c.h; path = UIOrderedTableViewTests.h; sourceTree = "<group>"; };
		AA12B44214D455E60093FDB6 /* UIOrderedTableViewTests.m */ = {isa = PBXFileReference; lastKnownFileType = sourcecode.c.objc; path = UIOrderedTableViewTests.m; sourceTree = "<group>"; };
		AA80EEE014D9DFD40055158E /* README */ = {isa = PBXFileReference; lastKnownFileType = text; path = README; sourceTree = "<group>"; };
/* End PBXFileReference section */

/* Begin PBXFrameworksBuildPhase section */
		AA12B40714D455E60093FDB6 /* Frameworks */ = {
			isa = PBXFrameworksBuildPhase;
			buildActionMask = 2147483647;
			files = (
				AA12B40F14D455E60093FDB6 /* UIKit.framework in Frameworks */,
				AA12B41114D455E60093FDB6 /* Foundation.framework in Frameworks */,
				AA12B41314D455E60093FDB6 /* CoreGraphics.framework in Frameworks */,
				AA12B41514D455E60093FDB6 /* CoreData.framework in Frameworks */,
			);
			runOnlyForDeploymentPostprocessing = 0;
		};
		AA12B42F14D455E60093FDB6 /* Frameworks */ = {
			isa = PBXFrameworksBuildPhase;
			buildActionMask = 2147483647;
			files = (
				AA12B43514D455E60093FDB6 /* SenTestingKit.framework in Frameworks */,
				AA12B43614D455E60093FDB6 /* UIKit.framework in Frameworks */,
				AA12B43714D455E60093FDB6 /* Foundation.framework in Frameworks */,
				AA12B43814D455E60093FDB6 /* CoreData.framework in Frameworks */,
			);
			runOnlyForDeploymentPostprocessing = 0;
		};
/* End PBXFrameworksBuildPhase section */

/* Begin PBXGroup section */
		AA12B3FF14D455E50093FDB6 = {
			isa = PBXGroup;
			children = (
				AA80EEE014D9DFD40055158E /* README */,
				AA12B41614D455E60093FDB6 /* UIOrderedTableView */,
				AA12B43B14D455E60093FDB6 /* UIOrderedTableViewTests */,
				AA12B40D14D455E60093FDB6 /* Frameworks */,
				AA12B40B14D455E60093FDB6 /* Products */,
			);
			sourceTree = "<group>";
		};
		AA12B40B14D455E60093FDB6 /* Products */ = {
			isa = PBXGroup;
			children = (
				AA12B40A14D455E60093FDB6 /* UIOrderedTableView.app */,
				AA12B43314D455E60093FDB6 /* UIOrderedTableViewTests.octest */,
			);
			name = Products;
			sourceTree = "<group>";
		};
		AA12B40D14D455E60093FDB6 /* Frameworks */ = {
			isa = PBXGroup;
			children = (
				AA12B40E14D455E60093FDB6 /* UIKit.framework */,
				AA12B41014D455E60093FDB6 /* Foundation.framework */,
				AA12B41214D455E60093FDB6 /* CoreGraphics.framework */,
				AA12B41414D455E60093FDB6 /* CoreData.framework */,
				AA12B43414D455E60093FDB6 /* SenTestingKit.framework */,
			);
			name = Frameworks;
			sourceTree = "<group>";
		};
		AA12B41614D455E60093FDB6 /* UIOrderedTableView */ = {
			isa = PBXGroup;
			children = (
				AA12B41F14D455E60093FDB6 /* AppDelegate.h */,
				AA12B42014D455E60093FDB6 /* AppDelegate.m */,
				AA12B42214D455E60093FDB6 /* MainStoryboard.storyboard */,
				AA12B42814D455E60093FDB6 /* MasterViewController.h */,
				AA12B42914D455E60093FDB6 /* MasterViewController.m */,
				AA12B42514D455E60093FDB6 /* UIOrderedTableView.xcdatamodeld */,
				AA12B41714D455E60093FDB6 /* Supporting Files */,
			);
			path = UIOrderedTableView;
			sourceTree = "<group>";
		};
		AA12B41714D455E60093FDB6 /* Supporting Files */ = {
			isa = PBXGroup;
			children = (
				AA12B41814D455E60093FDB6 /* UIOrderedTableView-Info.plist */,
				AA12B41914D455E60093FDB6 /* InfoPlist.strings */,
				AA12B41C14D455E60093FDB6 /* main.m */,
				AA12B41E14D455E60093FDB6 /* UIOrderedTableView-Prefix.pch */,
			);
			name = "Supporting Files";
			sourceTree = "<group>";
		};
		AA12B43B14D455E60093FDB6 /* UIOrderedTableViewTests */ = {
			isa = PBXGroup;
			children = (
				AA12B44114D455E60093FDB6 /* UIOrderedTableViewTests.h */,
				AA12B44214D455E60093FDB6 /* UIOrderedTableViewTests.m */,
				AA12B43C14D455E60093FDB6 /* Supporting Files */,
			);
			path = UIOrderedTableViewTests;
			sourceTree = "<group>";
		};
		AA12B43C14D455E60093FDB6 /* Supporting Files */ = {
			isa = PBXGroup;
			children = (
				AA12B43D14D455E60093FDB6 /* UIOrderedTableViewTests-Info.plist */,
				AA12B43E14D455E60093FDB6 /* InfoPlist.strings */,
			);
			name = "Supporting Files";
			sourceTree = "<group>";
		};
/* End PBXGroup section */

/* Begin PBXNativeTarget section */
		AA12B40914D455E60093FDB6 /* UIOrderedTableView */ = {
			isa = PBXNativeTarget;
			buildConfigurationList = AA12B44614D455E60093FDB6 /* Build configuration list for PBXNativeTarget "UIOrderedTableView" */;
			buildPhases = (
				AA12B40614D455E60093FDB6 /* Sources */,
				AA12B40714D455E60093FDB6 /* Frameworks */,
				AA12B40814D455E60093FDB6 /* Resources */,
			);
			buildRules = (
			);
			dependencies = (
			);
			name = UIOrderedTableView;
			productName = UIOrderedTableView;
			productReference = AA12B40A14D455E60093FDB6 /* UIOrderedTableView.app */;
			productType = "com.apple.product-type.application";
		};
		AA12B43214D455E60093FDB6 /* UIOrderedTableViewTests */ = {
			isa = PBXNativeTarget;
			buildConfigurationList = AA12B44914D455E60093FDB6 /* Build configuration list for PBXNativeTarget "UIOrderedTableViewTests" */;
			buildPhases = (
				AA12B42E14D455E60093FDB6 /* Sources */,
				AA12B42F14D455E60093FDB6 /* Frameworks */,
				AA12B43014D455E60093FDB6 /* Resources */,
				AA12B43114D455E60093FDB6 /* ShellScript */,
			);
			buildRules = (
			);
			dependencies = (
				AA12B43A14D455E60093FDB6 /* PBXTargetDependency */,
			);
			name = UIOrderedTableViewTests;
			productName = UIOrderedTableViewTests;
			productReference = AA12B43314D455E60093FDB6 /* UIOrderedTableViewTests.octest */;
			productType = "com.apple.product-type.bundle";
		};
/* End PBXNativeTarget section */

/* Begin PBXProject section */
		AA12B40114D455E50093FDB6 /* Project object */ = {
			isa = PBXProject;
			attributes = {
				LastUpgradeCheck = 0420;
			};
			buildConfigurationList = AA12B40414D455E50093FDB6 /* Build configuration list for PBXProject "UIOrderedTableView" */;
			compatibilityVersion = "Xcode 3.2";
			developmentRegion = English;
			hasScannedForEncodings = 0;
			knownRegions = (
				en,
			);
			mainGroup = AA12B3FF14D455E50093FDB6;
			productRefGroup = AA12B40B14D455E60093FDB6 /* Products */;
			projectDirPath = "";
			projectRoot = "";
			targets = (
				AA12B40914D455E60093FDB6 /* UIOrderedTableView */,
				AA12B43214D455E60093FDB6 /* UIOrderedTableViewTests */,
			);
		};
/* End PBXProject section */

/* Begin PBXResourcesBuildPhase section */
		AA12B40814D455E60093FDB6 /* Resources */ = {
			isa = PBXResourcesBuildPhase;
			buildActionMask = 2147483647;
			files = (
				AA12B41B14D455E60093FDB6 /* InfoPlist.strings in Resources */,
				AA12B42414D455E60093FDB6 /* MainStoryboard.storyboard in Resources */,
			);
			runOnlyForDeploymentPostprocessing = 0;
		};
		AA12B43014D455E60093FDB6 /* Resources */ = {
			isa = PBXResourcesBuildPhase;
			buildActionMask = 2147483647;
			files = (
				AA12B44014D455E60093FDB6 /* InfoPlist.strings in Resources */,
			);
			runOnlyForDeploymentPostprocessing = 0;
		};
/* End PBXResourcesBuildPhase section */

/* Begin PBXShellScriptBuildPhase section */
		AA12B43114D455E60093FDB6 /* ShellScript */ = {
			isa = PBXShellScriptBuildPhase;
			buildActionMask = 2147483647;
			files = (
			);
			inputPaths = (
			);
			outputPaths = (
			);
			runOnlyForDeploymentPostprocessing = 0;
			shellPath = /bin/sh;
			shellScript = "# Run the unit tests in this test bundle.\n\"${SYSTEM_DEVELOPER_DIR}/Tools/RunUnitTests\"\n";
		};
/* End PBXShellScriptBuildPhase section */

/* Begin PBXSourcesBuildPhase section */
		AA12B40614D455E60093FDB6 /* Sources */ = {
			isa = PBXSourcesBuildPhase;
			buildActionMask = 2147483647;
			files = (
				AA12B41D14D455E60093FDB6 /* main.m in Sources */,
				AA12B42114D455E60093FDB6 /* AppDelegate.m in Sources */,
				AA12B42714D455E60093FDB6 /* UIOrderedTableView.xcdatamodeld in Sources */,
				AA12B42A14D455E60093FDB6 /* MasterViewController.m in Sources */,
			);
			runOnlyForDeploymentPostprocessing = 0;
		};
		AA12B42E14D455E60093FDB6 /* Sources */ = {
			isa = PBXSourcesBuildPhase;
			buildActionMask = 2147483647;
			files = (
				AA12B44314D455E60093FDB6 /* UIOrderedTableViewTests.m in Sources */,
			);
			runOnlyForDeploymentPostprocessing = 0;
		};
/* End PBXSourcesBuildPhase section */

/* Begin PBXTargetDependency section */
		AA12B43A14D455E60093FDB6 /* PBXTargetDependency */ = {
			isa = PBXTargetDependency;
			target = AA12B40914D455E60093FDB6 /* UIOrderedTableView */;
			targetProxy = AA12B43914D455E60093FDB6 /* PBXContainerItemProxy */;
		};
/* End PBXTargetDependency section */

/* Begin PBXVariantGroup section */
		AA12B41914D455E60093FDB6 /* InfoPlist.strings */ = {
			isa = PBXVariantGroup;
			children = (
				AA12B41A14D455E60093FDB6 /* en */,
			);
			name = InfoPlist.strings;
			sourceTree = "<group>";
		};
		AA12B42214D455E60093FDB6 /* MainStoryboard.storyboard */ = {
			isa = PBXVariantGroup;
			children = (
				AA12B42314D455E60093FDB6 /* en */,
			);
			name = MainStoryboard.storyboard;
			sourceTree = "<group>";
		};
		AA12B43E14D455E60093FDB6 /* InfoPlist.strings */ = {
			isa = PBXVariantGroup;
			children = (
				AA12B43F14D455E60093FDB6 /* en */,
			);
			name = InfoPlist.strings;
			sourceTree = "<group>";
		};
/* End PBXVariantGroup section */

/* Begin XCBuildConfiguration section */
		AA12B44414D455E60093FDB6 /* Debug */ = {
			isa = XCBuildConfiguration;
			buildSettings = {
				ALWAYS_SEARCH_USER_PATHS = NO;
				ARCHS = "$(ARCHS_STANDARD_32_BIT)";
				CLANG_ENABLE_OBJC_ARC = YES;
				"CODE_SIGN_IDENTITY[sdk=iphoneos*]" = "iPhone Developer";
				COPY_PHASE_STRIP = NO;
				GCC_C_LANGUAGE_STANDARD = gnu99;
				GCC_DYNAMIC_NO_PIC = NO;
				GCC_OPTIMIZATION_LEVEL = 0;
				GCC_PREPROCESSOR_DEFINITIONS = (
					"DEBUG=1",
					"$(inherited)",
				);
				GCC_SYMBOLS_PRIVATE_EXTERN = NO;
				GCC_VERSION = com.apple.compilers.llvm.clang.1_0;
				GCC_WARN_ABOUT_MISSING_PROTOTYPES = YES;
				GCC_WARN_ABOUT_RETURN_TYPE = YES;
				GCC_WARN_UNUSED_VARIABLE = YES;
				IPHONEOS_DEPLOYMENT_TARGET = 5.0;
				SDKROOT = iphoneos;
			};
			name = Debug;
		};
		AA12B44514D455E60093FDB6 /* Release */ = {
			isa = XCBuildConfiguration;
			buildSettings = {
				ALWAYS_SEARCH_USER_PATHS = NO;
				ARCHS = "$(ARCHS_STANDARD_32_BIT)";
				CLANG_ENABLE_OBJC_ARC = YES;
				"CODE_SIGN_IDENTITY[sdk=iphoneos*]" = "iPhone Developer";
				COPY_PHASE_STRIP = YES;
				GCC_C_LANGUAGE_STANDARD = gnu99;
				GCC_VERSION = com.apple.compilers.llvm.clang.1_0;
				GCC_WARN_ABOUT_MISSING_PROTOTYPES = YES;
				GCC_WARN_ABOUT_RETURN_TYPE = YES;
				GCC_WARN_UNUSED_VARIABLE = YES;
				IPHONEOS_DEPLOYMENT_TARGET = 5.0;
				OTHER_CFLAGS = "-DNS_BLOCK_ASSERTIONS=1";
				SDKROOT = iphoneos;
				VALIDATE_PRODUCT = YES;
			};
			name = Release;
		};
		AA12B44714D455E60093FDB6 /* Debug */ = {
			isa = XCBuildConfiguration;
			buildSettings = {
				GCC_PRECOMPILE_PREFIX_HEADER = YES;
				GCC_PREFIX_HEADER = "UIOrderedTableView/UIOrderedTableView-Prefix.pch";
				INFOPLIST_FILE = "UIOrderedTableView/UIOrderedTableView-Info.plist";
				PRODUCT_NAME = "$(TARGET_NAME)";
				WRAPPER_EXTENSION = app;
			};
			name = Debug;
		};
		AA12B44814D455E60093FDB6 /* Release */ = {
			isa = XCBuildConfiguration;
			buildSettings = {
				GCC_PRECOMPILE_PREFIX_HEADER = YES;
				GCC_PREFIX_HEADER = "UIOrderedTableView/UIOrderedTableView-Prefix.pch";
				INFOPLIST_FILE = "UIOrderedTableView/UIOrderedTableView-Info.plist";
				PRODUCT_NAME = "$(TARGET_NAME)";
				WRAPPER_EXTENSION = app;
			};
			name = Release;
		};
		AA12B44A14D455E60093FDB6 /* Debug */ = {
			isa = XCBuildConfiguration;
			buildSettings = {
				BUNDLE_LOADER = "$(BUILT_PRODUCTS_DIR)/UIOrderedTableView.app/UIOrderedTableView";
				FRAMEWORK_SEARCH_PATHS = (
					"$(SDKROOT)/Developer/Library/Frameworks",
					"$(DEVELOPER_LIBRARY_DIR)/Frameworks",
				);
				GCC_PRECOMPILE_PREFIX_HEADER = YES;
				GCC_PREFIX_HEADER = "UIOrderedTableView/UIOrderedTableView-Prefix.pch";
				INFOPLIST_FILE = "UIOrderedTableViewTests/UIOrderedTableViewTests-Info.plist";
				PRODUCT_NAME = "$(TARGET_NAME)";
				TEST_HOST = "$(BUNDLE_LOADER)";
				WRAPPER_EXTENSION = octest;
			};
			name = Debug;
		};
		AA12B44B14D455E60093FDB6 /* Release */ = {
			isa = XCBuildConfiguration;
			buildSettings = {
				BUNDLE_LOADER = "$(BUILT_PRODUCTS_DIR)/UIOrderedTableView.app/UIOrderedTableView";
				FRAMEWORK_SEARCH_PATHS = (
					"$(SDKROOT)/Developer/Library/Frameworks",
					"$(DEVELOPER_LIBRARY_DIR)/Frameworks",
				);
				GCC_PRECOMPILE_PREFIX_HEADER = YES;
				GCC_PREFIX_HEADER = "UIOrderedTableView/UIOrderedTableView-Prefix.pch";
				INFOPLIST_FILE = "UIOrderedTableViewTests/UIOrderedTableViewTests-Info.plist";
				PRODUCT_NAME = "$(TARGET_NAME)";
				TEST_HOST = "$(BUNDLE_LOADER)";
				WRAPPER_EXTENSION = octest;
			};
			name = Release;
		};
/* End XCBuildConfiguration section */

/* Begin XCConfigurationList section */
		AA12B40414D455E50093FDB6 /* Build configuration list for PBXProject "UIOrderedTableView" */ = {
			isa = XCConfigurationList;
			buildConfigurations = (
				AA12B44414D455E60093FDB6 /* Debug */,
				AA12B44514D455E60093FDB6 /* Release */,
			);
			defaultConfigurationIsVisible = 0;
			defaultConfigurationName = Release;
		};
		AA12B44614D455E60093FDB6 /* Build configuration list for PBXNativeTarget "UIOrderedTableView" */ = {
			isa = XCConfigurationList;
			buildConfigurations = (
				AA12B44714D455E60093FDB6 /* Debug */,
				AA12B44814D455E60093FDB6 /* Release */,
			);
			defaultConfigurationIsVisible = 0;
			defaultConfigurationName = Release;
		};
		AA12B44914D455E60093FDB6 /* Build configuration list for PBXNativeTarget "UIOrderedTableViewTests" */ = {
			isa = XCConfigurationList;
			buildConfigurations = (
				AA12B44A14D455E60093FDB6 /* Debug */,
				AA12B44B14D455E60093FDB6 /* Release */,
			);
			defaultConfigurationIsVisible = 0;
			defaultConfigurationName = Release;
		};
/* End XCConfigurationList section */

/* Begin XCVersionGroup section */
		AA12B42514D455E60093FDB6 /* UIOrderedTableView.xcdatamodeld */ = {
			isa = XCVersionGroup;
			children = (
				AA12B42614D455E60093FDB6 /* UIOrderedTableView.xcdatamodel */,
			);
			currentVersion = AA12B42614D455E60093FDB6 /* UIOrderedTableView.xcdatamodel */;
			path = UIOrderedTableView.xcdatamodeld;
			sourceTree = "<group>";
			versionGroupType = wrapper.xcdatamodel;
		};
/* End XCVersionGroup section */
	};
	rootObject = AA12B40114D455E50093FDB6 /* Project object */;
}
